
Microsoft Visual Studio Solution File, Format Version 12.00
# Visual Studio 15
VisualStudioVersion = 15.0.28010.2046
MinimumVisualStudioVersion = 10.0.40219.1
Project("{9092AA53-FB77-4645-B42D-1CCCA6BD08BD}") = "web-status", "web-status\web-status.njsproj", "{F650C9DA-AF93-423D-820C-80AD2AC9447A}"
EndProject
Global
	GlobalSection(SolutionConfigurationPlatforms) = preSolution
		Debug|Any CPU = Debug|Any CPU
		Release|Any CPU = Release|Any CPU
	EndGlobalSection
	GlobalSection(ProjectConfigurationPlatforms) = postSolution
		{F650C9DA-AF93-423D-820C-80AD2AC9447A}.Debug|Any CPU.ActiveCfg = Debug|Any CPU
		{F650C9DA-AF93-423D-820C-80AD2AC9447A}.Debug|Any CPU.Build.0 = Debug|Any CPU
		{F650C9DA-AF93-423D-820C-80AD2AC9447A}.Release|Any CPU.ActiveCfg = Release|Any CPU
		{F650C9DA-AF93-423D-820C-80AD2AC9447A}.Release|Any CPU.Build.0 = Release|Any CPU
	EndGlobalSection
	GlobalSection(SolutionProperties) = preSolution
		HideSolutionNode = FALSE
	EndGlobalSection
	GlobalSection(ExtensibilityGlobals) = postSolution
		SolutionGuid = {EF116B8B-1716-4DA3-98AE-90B573999026}
	EndGlobalSection
EndGlobal
